
Microsoft Visual Studio Solution File, Format Version 12.00
# Visual Studio Version 17
VisualStudioVersion = 17.10.35122.118
MinimumVisualStudioVersion = 10.0.40219.1
Project("{FAE04EC0-301F-11D3-BF4B-00C04F79EFBC}") = "VCF Name Fix", "VCF Name Fix\VCF Name Fix.csproj", "{D94AE4BA-048C-4E5B-8C7B-B97D5B3F82FB}"
EndProject
Global
	GlobalSection(SolutionConfigurationPlatforms) = preSolution
		Debug|Any CPU = Debug|Any CPU
		Release|Any CPU = Release|Any CPU
	EndGlobalSection
	GlobalSection(ProjectConfigurationPlatforms) = postSolution
		{D94AE4BA-048C-4E5B-8C7B-B97D5B3F82FB}.Debug|Any CPU.ActiveCfg = Debug|Any CPU
		{D94AE4BA-048C-4E5B-8C7B-B97D5B3F82FB}.Debug|Any CPU.Build.0 = Debug|Any CPU
		{D94AE4BA-048C-4E5B-8C7B-B97D5B3F82FB}.Release|Any CPU.ActiveCfg = Release|Any CPU
		{D94AE4BA-048C-4E5B-8C7B-B97D5B3F82FB}.Release|Any CPU.Build.0 = Release|Any CPU
	EndGlobalSection
	GlobalSection(SolutionProperties) = preSolution
		HideSolutionNode = FALSE
	EndGlobalSection
	GlobalSection(ExtensibilityGlobals) = postSolution
		SolutionGuid = {86139B1A-4121-4031-82D4-48A8EF23583F}
	EndGlobalSection
EndGlobal
